
Microsoft Visual Studio Solution File, Format Version 12.00
# Visual Studio Version 17
VisualStudioVersion = 17.5.33530.505
MinimumVisualStudioVersion = 10.0.40219.1
Project("{FAE04EC0-301F-11D3-BF4B-00C04F79EFBC}") = "RBOS", "RBOS.csproj", "{2A133E84-D1F9-4675-9867-CB66BCDE0AFD}"
EndProject
Global
	GlobalSection(SolutionConfigurationPlatforms) = preSolution
		Debug BUTIK|Any CPU = Debug BUTIK|Any CPU
		Debug BUTIK|x86 = Debug BUTIK|x86
		Debug DETAIL|Any CPU = Debug DETAIL|Any CPU
		Debug DETAIL|x86 = Debug DETAIL|x86
		Debug FSD|Any CPU = Debug FSD|Any CPU
		Debug FSD|x86 = Debug FSD|x86
		Debug RBA|Any CPU = Debug RBA|Any CPU
		Debug RBA|x86 = Debug RBA|x86
		Debug RBANEW|Any CPU = Debug RBANEW|Any CPU
		Debug RBANEW|x86 = Debug RBANEW|x86
		Debug|Any CPU = Debug|Any CPU
		Debug|x86 = Debug|x86
		RBANEW|Any CPU = RBANEW|Any CPU
		RBANEW|x86 = RBANEW|x86
		RBOSRBA|Any CPU = RBOSRBA|Any CPU
		RBOSRBA|x86 = RBOSRBA|x86
		Release BUTIK|Any CPU = Release BUTIK|Any CPU
		Release BUTIK|x86 = Release BUTIK|x86
		Release DETAIL|Any CPU = Release DETAIL|Any CPU
		Release DETAIL|x86 = Release DETAIL|x86
		Release FSD|Any CPU = Release FSD|Any CPU
		Release FSD|x86 = Release FSD|x86
		Release RBA|Any CPU = Release RBA|Any CPU
		Release RBA|x86 = Release RBA|x86
		Release RBANEW|Any CPU = Release RBANEW|Any CPU
		Release RBANEW|x86 = Release RBANEW|x86
		Release|Any CPU = Release|Any CPU
		Release|x86 = Release|x86
	EndGlobalSection
	GlobalSection(ProjectConfigurationPlatforms) = postSolution
		{2A133E84-D1F9-4675-9867-CB66BCDE0AFD}.Debug BUTIK|Any CPU.ActiveCfg = Debug BUTIK|Any CPU
		{2A133E84-D1F9-4675-9867-CB66BCDE0AFD}.Debug BUTIK|Any CPU.Build.0 = Debug BUTIK|Any CPU
		{2A133E84-D1F9-4675-9867-CB66BCDE0AFD}.Debug BUTIK|x86.ActiveCfg = Debug BUTIK|x86
		{2A133E84-D1F9-4675-9867-CB66BCDE0AFD}.Debug BUTIK|x86.Build.0 = Debug BUTIK|x86
		{2A133E84-D1F9-4675-9867-CB66BCDE0AFD}.Debug DETAIL|Any CPU.ActiveCfg = Debug DETAIL|Any CPU
		{2A133E84-D1F9-4675-9867-CB66BCDE0AFD}.Debug DETAIL|Any CPU.Build.0 = Debug DETAIL|Any CPU
		{2A133E84-D1F9-4675-9867-CB66BCDE0AFD}.Debug DETAIL|x86.ActiveCfg = Debug DETAIL|x86
		{2A133E84-D1F9-4675-9867-CB66BCDE0AFD}.Debug DETAIL|x86.Build.0 = Debug DETAIL|x86
		{2A133E84-D1F9-4675-9867-CB66BCDE0AFD}.Debug FSD|Any CPU.ActiveCfg = Debug FSD|Any CPU
		{2A133E84-D1F9-4675-9867-CB66BCDE0AFD}.Debug FSD|Any CPU.Build.0 = Debug FSD|Any CPU
		{2A133E84-D1F9-4675-9867-CB66BCDE0AFD}.Debug FSD|x86.ActiveCfg = Debug FSD|x86
		{2A133E84-D1F9-4675-9867-CB66BCDE0AFD}.Debug FSD|x86.Build.0 = Debug FSD|x86
		{2A133E84-D1F9-4675-9867-CB66BCDE0AFD}.Debug RBA|Any CPU.ActiveCfg = Debug RBA|Any CPU
		{2A133E84-D1F9-4675-9867-CB66BCDE0AFD}.Debug RBA|Any CPU.Build.0 = Debug RBA|Any CPU
		{2A133E84-D1F9-4675-9867-CB66BCDE0AFD}.Debug RBA|x86.ActiveCfg = Debug RBA|x86
		{2A133E84-D1F9-4675-9867-CB66BCDE0AFD}.Debug RBA|x86.Build.0 = Debug RBA|x86
		{2A133E84-D1F9-4675-9867-CB66BCDE0AFD}.Debug RBANEW|Any CPU.ActiveCfg = Debug RBANEW|Any CPU
		{2A133E84-D1F9-4675-9867-CB66BCDE0AFD}.Debug RBANEW|Any CPU.Build.0 = Debug RBANEW|Any CPU
		{2A133E84-D1F9-4675-9867-CB66BCDE0AFD}.Debug RBANEW|x86.ActiveCfg = Debug RBANEW|x86
		{2A133E84-D1F9-4675-9867-CB66BCDE0AFD}.Debug RBANEW|x86.Build.0 = Debug RBANEW|x86
		{2A133E84-D1F9-4675-9867-CB66BCDE0AFD}.Debug|Any CPU.ActiveCfg = Debug|Any CPU
		{2A133E84-D1F9-4675-9867-CB66BCDE0AFD}.Debug|Any CPU.Build.0 = Debug|Any CPU
		{2A133E84-D1F9-4675-9867-CB66BCDE0AFD}.Debug|x86.ActiveCfg = Debug|x86
		{2A133E84-D1F9-4675-9867-CB66BCDE0AFD}.Debug|x86.Build.0 = Debug|x86
		{2A133E84-D1F9-4675-9867-CB66BCDE0AFD}.RBANEW|Any CPU.ActiveCfg = RBANEW|Any CPU
		{2A133E84-D1F9-4675-9867-CB66BCDE0AFD}.RBANEW|Any CPU.Build.0 = RBANEW|Any CPU
		{2A133E84-D1F9-4675-9867-CB66BCDE0AFD}.RBANEW|x86.ActiveCfg = RBANEW|x86
		{2A133E84-D1F9-4675-9867-CB66BCDE0AFD}.RBANEW|x86.Build.0 = RBANEW|x86
		{2A133E84-D1F9-4675-9867-CB66BCDE0AFD}.RBOSRBA|Any CPU.ActiveCfg = RBOSRBA|Any CPU
		{2A133E84-D1F9-4675-9867-CB66BCDE0AFD}.RBOSRBA|Any CPU.Build.0 = RBOSRBA|Any CPU
		{2A133E84-D1F9-4675-9867-CB66BCDE0AFD}.RBOSRBA|x86.ActiveCfg = RBOSRBA|x86
		{2A133E84-D1F9-4675-9867-CB66BCDE0AFD}.RBOSRBA|x86.Build.0 = RBOSRBA|x86
		{2A133E84-D1F9-4675-9867-CB66BCDE0AFD}.Release BUTIK|Any CPU.ActiveCfg = Release BUTIK|Any CPU
		{2A133E84-D1F9-4675-9867-CB66BCDE0AFD}.Release BUTIK|Any CPU.Build.0 = Release BUTIK|Any CPU
		{2A133E84-D1F9-4675-9867-CB66BCDE0AFD}.Release BUTIK|x86.ActiveCfg = Release BUTIK|x86
		{2A133E84-D1F9-4675-9867-CB66BCDE0AFD}.Release BUTIK|x86.Build.0 = Release BUTIK|x86
		{2A133E84-D1F9-4675-9867-CB66BCDE0AFD}.Release DETAIL|Any CPU.ActiveCfg = Release DETAIL|Any CPU
		{2A133E84-D1F9-4675-9867-CB66BCDE0AFD}.Release DETAIL|Any CPU.Build.0 = Release DETAIL|Any CPU
		{2A133E84-D1F9-4675-9867-CB66BCDE0AFD}.Release DETAIL|x86.ActiveCfg = Release DETAIL|x86
		{2A133E84-D1F9-4675-9867-CB66BCDE0AFD}.Release DETAIL|x86.Build.0 = Release DETAIL|x86
		{2A133E84-D1F9-4675-9867-CB66BCDE0AFD}.Release FSD|Any CPU.ActiveCfg = Release FSD|Any CPU
		{2A133E84-D1F9-4675-9867-CB66BCDE0AFD}.Release FSD|Any CPU.Build.0 = Release FSD|Any CPU
		{2A133E84-D1F9-4675-9867-CB66BCDE0AFD}.Release FSD|x86.ActiveCfg = Release FSD|x86
		{2A133E84-D1F9-4675-9867-CB66BCDE0AFD}.Release FSD|x86.Build.0 = Release FSD|x86
		{2A133E84-D1F9-4675-9867-CB66BCDE0AFD}.Release RBA|Any CPU.ActiveCfg = Release RBA|Any CPU
		{2A133E84-D1F9-4675-9867-CB66BCDE0AFD}.Release RBA|Any CPU.Build.0 = Release RBA|Any CPU
		{2A133E84-D1F9-4675-9867-CB66BCDE0AFD}.Release RBA|x86.ActiveCfg = Release RBA|x86
		{2A133E84-D1F9-4675-9867-CB66BCDE0AFD}.Release RBA|x86.Build.0 = Release RBA|x86
		{2A133E84-D1F9-4675-9867-CB66BCDE0AFD}.Release RBANEW|Any CPU.ActiveCfg = Release RBANEW|Any CPU
		{2A133E84-D1F9-4675-9867-CB66BCDE0AFD}.Release RBANEW|Any CPU.Build.0 = Release RBANEW|Any CPU
		{2A133E84-D1F9-4675-9867-CB66BCDE0AFD}.Release RBANEW|x86.ActiveCfg = Release RBANEW|x86
		{2A133E84-D1F9-4675-9867-CB66BCDE0AFD}.Release RBANEW|x86.Build.0 = Release RBANEW|x86
		{2A133E84-D1F9-4675-9867-CB66BCDE0AFD}.Release|Any CPU.ActiveCfg = Release|Any CPU
		{2A133E84-D1F9-4675-9867-CB66BCDE0AFD}.Release|Any CPU.Build.0 = Release|Any CPU
		{2A133E84-D1F9-4675-9867-CB66BCDE0AFD}.Release|x86.ActiveCfg = Release|x86
		{2A133E84-D1F9-4675-9867-CB66BCDE0AFD}.Release|x86.Build.0 = Release|x86
	EndGlobalSection
	GlobalSection(SolutionProperties) = preSolution
		HideSolutionNode = FALSE
	EndGlobalSection
	GlobalSection(ExtensibilityGlobals) = postSolution
		SolutionGuid = {B7A27820-7F29-468F-8524-08EA792C4003}
	EndGlobalSection
EndGlobal
